
Microsoft Visual Studio Solution File, Format Version 12.00
# Visual Studio Version 17
VisualStudioVersion = 17.14.36623.8 d17.14
MinimumVisualStudioVersion = 10.0.40219.1
Project("{FAE04EC0-301F-11D3-BF4B-00C04F79EFBC}") = "MnbCurrencyReader_02", "MnbCurrencyReader_02\MnbCurrencyReader_02.csproj", "{0A4216A3-AE23-43BD-826E-4E62577CA23B}"
EndProject
Global
	GlobalSection(SolutionConfigurationPlatforms) = preSolution
		Debug|Any CPU = Debug|Any CPU
		Release|Any CPU = Release|Any CPU
	EndGlobalSection
	GlobalSection(ProjectConfigurationPlatforms) = postSolution
		{0A4216A3-AE23-43BD-826E-4E62577CA23B}.Debug|Any CPU.ActiveCfg = Debug|Any CPU
		{0A4216A3-AE23-43BD-826E-4E62577CA23B}.Debug|Any CPU.Build.0 = Debug|Any CPU
		{0A4216A3-AE23-43BD-826E-4E62577CA23B}.Release|Any CPU.ActiveCfg = Release|Any CPU
		{0A4216A3-AE23-43BD-826E-4E62577CA23B}.Release|Any CPU.Build.0 = Release|Any CPU
	EndGlobalSection
	GlobalSection(SolutionProperties) = preSolution
		HideSolutionNode = FALSE
	EndGlobalSection
	GlobalSection(ExtensibilityGlobals) = postSolution
		SolutionGuid = {FAEF3AEC-6B9A-4EEC-A3BA-BB35530C8256}
	EndGlobalSection
EndGlobal
