
Microsoft Visual Studio Solution File, Format Version 12.00
# Visual Studio Version 17
VisualStudioVersion = 17.14.36623.8 d17.14
MinimumVisualStudioVersion = 10.0.40219.1
Project("{FAE04EC0-301F-11D3-BF4B-00C04F79EFBC}") = "UserMaintenance", "UserMaintenance\UserMaintenance.csproj", "{D65E924D-A335-41E9-B48F-E0F901EEAD1B}"
EndProject
Global
	GlobalSection(SolutionConfigurationPlatforms) = preSolution
		Debug|Any CPU = Debug|Any CPU
		Release|Any CPU = Release|Any CPU
	EndGlobalSection
	GlobalSection(ProjectConfigurationPlatforms) = postSolution
		{D65E924D-A335-41E9-B48F-E0F901EEAD1B}.Debug|Any CPU.ActiveCfg = Debug|Any CPU
		{D65E924D-A335-41E9-B48F-E0F901EEAD1B}.Debug|Any CPU.Build.0 = Debug|Any CPU
		{D65E924D-A335-41E9-B48F-E0F901EEAD1B}.Release|Any CPU.ActiveCfg = Release|Any CPU
		{D65E924D-A335-41E9-B48F-E0F901EEAD1B}.Release|Any CPU.Build.0 = Release|Any CPU
	EndGlobalSection
	GlobalSection(SolutionProperties) = preSolution
		HideSolutionNode = FALSE
	EndGlobalSection
	GlobalSection(ExtensibilityGlobals) = postSolution
		SolutionGuid = {225AEACC-01EA-43E1-AC80-DDA5C17CE467}
	EndGlobalSection
EndGlobal
